Microsoft Visual Studio Solution File, Format Version 12.00
# Visual Studio 15
VisualStudioVersion = 15.0.26430.16
MinimumVisualStudioVersion = 10.0.40219.1
Project("{FAE04EC0-301F-11D3-BF4B-00C04F79EFBC}") = "EmpTrack", "EmpTrack\EmpTrack.csproj", "{1519F4F3-D70B-45AE-82B0-9EA42019A95D}"
EndProject
Project("{FAE04EC0-301F-11D3-BF4B-00C04F79EFBC}") = "EmpTrack.iOS", "iOS\EmpTrack.iOS.csproj", "{FC97B193-CF7B-4403-95DD-0EFCC980B29C}"
EndProject
Project("{FAE04EC0-301F-11D3-BF4B-00C04F79EFBC}") = "EmpTrack.Droid", "Droid\EmpTrack.Droid.csproj", "{681340CB-C033-4828-9201-40D0D507DA9A}"
EndProject
Project("{D954291E-2A0B-460D-934E-DC6B0785DB48}") = "Services", "Services\Services.shproj", "{4CE4D4E8-F3D4-48EF-A823-75A5EFEE9FF3}"
EndProject
Global
	GlobalSection(SharedMSBuildProjectFiles) = preSolution
		Services\Services.projitems*{1519f4f3-d70b-45ae-82b0-9ea42019a95d}*SharedItemsImports = 4
		Services\Services.projitems*{4ce4d4e8-f3d4-48ef-a823-75a5efee9ff3}*SharedItemsImports = 13
	EndGlobalSection
	GlobalSection(SolutionConfigurationPlatforms) = preSolution
		Debug|Any CPU = Debug|Any CPU
		Debug|iPhone = Debug|iPhone
		Debug|iPhoneSimulator = Debug|iPhoneSimulator
		Release|Any CPU = Release|Any CPU
		Release|iPhone = Release|iPhone
		Release|iPhoneSimulator = Release|iPhoneSimulator
	EndGlobalSection
	GlobalSection(ProjectConfigurationPlatforms) = postSolution
		{1519F4F3-D70B-45AE-82B0-9EA42019A95D}.Debug|Any CPU.ActiveCfg = Debug|Any CPU
		{1519F4F3-D70B-45AE-82B0-9EA42019A95D}.Debug|Any CPU.Build.0 = Debug|Any CPU
		{1519F4F3-D70B-45AE-82B0-9EA42019A95D}.Debug|iPhone.ActiveCfg = Debug|Any CPU
		{1519F4F3-D70B-45AE-82B0-9EA42019A95D}.Debug|iPhone.Build.0 = Debug|Any CPU
		{1519F4F3-D70B-45AE-82B0-9EA42019A95D}.Debug|iPhoneSimulator.ActiveCfg = Debug|Any CPU
		{1519F4F3-D70B-45AE-82B0-9EA42019A95D}.Debug|iPhoneSimulator.Build.0 = Debug|Any CPU
		{1519F4F3-D70B-45AE-82B0-9EA42019A95D}.Release|Any CPU.ActiveCfg = Release|Any CPU
		{1519F4F3-D70B-45AE-82B0-9EA42019A95D}.Release|Any CPU.Build.0 = Release|Any CPU
		{1519F4F3-D70B-45AE-82B0-9EA42019A95D}.Release|iPhone.ActiveCfg = Release|Any CPU
		{1519F4F3-D70B-45AE-82B0-9EA42019A95D}.Release|iPhone.Build.0 = Release|Any CPU
		{1519F4F3-D70B-45AE-82B0-9EA42019A95D}.Release|iPhoneSimulator.ActiveCfg = Release|Any CPU
		{1519F4F3-D70B-45AE-82B0-9EA42019A95D}.Release|iPhoneSimulator.Build.0 = Release|Any CPU
		{FC97B193-CF7B-4403-95DD-0EFCC980B29C}.Debug|Any CPU.ActiveCfg = Debug|iPhoneSimulator
		{FC97B193-CF7B-4403-95DD-0EFCC980B29C}.Debug|Any CPU.Build.0 = Debug|iPhoneSimulator
		{FC97B193-CF7B-4403-95DD-0EFCC980B29C}.Debug|iPhone.ActiveCfg = Debug|iPhone
		{FC97B193-CF7B-4403-95DD-0EFCC980B29C}.Debug|iPhone.Build.0 = Debug|iPhone
		{FC97B193-CF7B-4403-95DD-0EFCC980B29C}.Debug|iPhoneSimulator.ActiveCfg = Debug|iPhoneSimulator
		{FC97B193-CF7B-4403-95DD-0EFCC980B29C}.Debug|iPhoneSimulator.Build.0 = Debug|iPhoneSimulator
		{FC97B193-CF7B-4403-95DD-0EFCC980B29C}.Release|Any CPU.ActiveCfg = Release|iPhone
		{FC97B193-CF7B-4403-95DD-0EFCC980B29C}.Release|Any CPU.Build.0 = Release|iPhone
		{FC97B193-CF7B-4403-95DD-0EFCC980B29C}.Release|iPhone.ActiveCfg = Release|iPhone
		{FC97B193-CF7B-4403-95DD-0EFCC980B29C}.Release|iPhone.Build.0 = Release|iPhone
		{FC97B193-CF7B-4403-95DD-0EFCC980B29C}.Release|iPhoneSimulator.ActiveCfg = Release|iPhoneSimulator
		{FC97B193-CF7B-4403-95DD-0EFCC980B29C}.Release|iPhoneSimulator.Build.0 = Release|iPhoneSimulator
		{681340CB-C033-4828-9201-40D0D507DA9A}.Debug|Any CPU.ActiveCfg = Debug|Any CPU
		{681340CB-C033-4828-9201-40D0D507DA9A}.Debug|Any CPU.Build.0 = Debug|Any CPU
		{681340CB-C033-4828-9201-40D0D507DA9A}.Debug|Any CPU.Deploy.0 = Debug|Any CPU
		{681340CB-C033-4828-9201-40D0D507DA9A}.Debug|iPhone.ActiveCfg = Debug|Any CPU
		{681340CB-C033-4828-9201-40D0D507DA9A}.Debug|iPhone.Build.0 = Debug|Any CPU
		{681340CB-C033-4828-9201-40D0D507DA9A}.Debug|iPhoneSimulator.ActiveCfg = Debug|Any CPU
		{681340CB-C033-4828-9201-40D0D507DA9A}.Debug|iPhoneSimulator.Build.0 = Debug|Any CPU
		{681340CB-C033-4828-9201-40D0D507DA9A}.Release|Any CPU.ActiveCfg = Release|Any CPU
		{681340CB-C033-4828-9201-40D0D507DA9A}.Release|Any CPU.Build.0 = Release|Any CPU
		{681340CB-C033-4828-9201-40D0D507DA9A}.Release|iPhone.ActiveCfg = Release|Any CPU
		{681340CB-C033-4828-9201-40D0D507DA9A}.Release|iPhone.Build.0 = Release|Any CPU
		{681340CB-C033-4828-9201-40D0D507DA9A}.Release|iPhoneSimulator.ActiveCfg = Release|Any CPU
		{681340CB-C033-4828-9201-40D0D507DA9A}.Release|iPhoneSimulator.Build.0 = Release|Any CPU
	EndGlobalSection
	GlobalSection(SolutionProperties) = preSolution
		HideSolutionNode = FALSE
	EndGlobalSection
EndGlobal
